
Microsoft Visual Studio Solution File, Format Version 12.00
# Visual Studio 15
VisualStudioVersion = 15.0.27130.2026
MinimumVisualStudioVersion = 10.0.40219.1
Project("{9A19103F-16F7-4668-BE54-9A1E7A4F7556}") = "Grooph", "src\Grooph\Grooph.csproj", "{9A42FD73-0FFC-416B-94A1-A9C79800F166}"
EndProject
Project("{FAE04EC0-301F-11D3-BF4B-00C04F79EFBC}") = "Grooph.Tests", "tests\Grooph.Tests\Grooph.Tests.csproj", "{94246AF8-A4F5-43AA-839F-B368E551EF09}"
EndProject
Global
	GlobalSection(SolutionConfigurationPlatforms) = preSolution
		Debug|Any CPU = Debug|Any CPU
		Release|Any CPU = Release|Any CPU
	EndGlobalSection
	GlobalSection(ProjectConfigurationPlatforms) = postSolution
		{9A42FD73-0FFC-416B-94A1-A9C79800F166}.Debug|Any CPU.ActiveCfg = Debug|Any CPU
		{9A42FD73-0FFC-416B-94A1-A9C79800F166}.Debug|Any CPU.Build.0 = Debug|Any CPU
		{9A42FD73-0FFC-416B-94A1-A9C79800F166}.Release|Any CPU.ActiveCfg = Release|Any CPU
		{9A42FD73-0FFC-416B-94A1-A9C79800F166}.Release|Any CPU.Build.0 = Release|Any CPU
		{94246AF8-A4F5-43AA-839F-B368E551EF09}.Debug|Any CPU.ActiveCfg = Debug|Any CPU
		{94246AF8-A4F5-43AA-839F-B368E551EF09}.Debug|Any CPU.Build.0 = Debug|Any CPU
		{94246AF8-A4F5-43AA-839F-B368E551EF09}.Release|Any CPU.ActiveCfg = Release|Any CPU
		{94246AF8-A4F5-43AA-839F-B368E551EF09}.Release|Any CPU.Build.0 = Release|Any CPU
	EndGlobalSection
	GlobalSection(SolutionProperties) = preSolution
		HideSolutionNode = FALSE
	EndGlobalSection
	GlobalSection(ExtensibilityGlobals) = postSolution
		SolutionGuid = {C6287A70-EF60-4B3F-8EA3-D6754E85EF66}
	EndGlobalSection
EndGlobal
